
Microsoft Visual Studio Solution File, Format Version 12.00
# Visual Studio 14
VisualStudioVersion = 14.0.22512.0
MinimumVisualStudioVersion = 10.0.40219.1
Project("{FAE04EC0-301F-11D3-BF4B-00C04F79EFBC}") = "Dr. Splatter", "Dr. Splatter\Dr. Splatter.csproj", "{13A45C13-3265-47B8-BC48-A553B569DF55}"
		{990cc5d0-9201-4e8d-a89e-1b042d8f8a3b} = {990cc5d0-9201-4e8d-a89e-1b042d8f8a3b}
		{e5a1a9f0-1e9a-405f-8401-c8acdc8509b1} = {e5a1a9f0-1e9a-405f-8401-c8acdc8509b1}
EndProject
Project("{FAE04EC0-301F-11D3-BF4B-00C04F79EFBC}") = "Assembly-CSharp", "D:\HS-Mannheim\IMB\Hauptstudium\7 IMB ( 9 )\MRE\drsplatter\App\GeneratedProjects\UWP\Assembly-CSharp\Assembly-CSharp.csproj", "{990cc5d0-9201-4e8d-a89e-1b042d8f8a3b}"
EndProject
Project("{FAE04EC0-301F-11D3-BF4B-00C04F79EFBC}") = "Assembly-CSharp-firstpass", "D:\HS-Mannheim\IMB\Hauptstudium\7 IMB ( 9 )\MRE\drsplatter\App\GeneratedProjects\UWP\Assembly-CSharp-firstpass\Assembly-CSharp-firstpass.csproj", "{e5a1a9f0-1e9a-405f-8401-c8acdc8509b1}"
EndProject
Global
	GlobalSection(SolutionConfigurationPlatforms) = preSolution
		Debug|ARM = Debug|ARM
		Debug|x64 = Debug|x64
		Debug|x86 = Debug|x86
		Master|ARM = Master|ARM
		Master|x64 = Master|x64
		Master|x86 = Master|x86
		Release|ARM = Release|ARM
		Release|x64 = Release|x64
		Release|x86 = Release|x86
	EndGlobalSection
	GlobalSection(ProjectConfigurationPlatforms) = postSolution
		{13A45C13-3265-47B8-BC48-A553B569DF55}.Debug|ARM.ActiveCfg = Debug|ARM
		{13A45C13-3265-47B8-BC48-A553B569DF55}.Debug|ARM.Build.0 = Debug|ARM
		{13A45C13-3265-47B8-BC48-A553B569DF55}.Debug|ARM.Deploy.0 = Debug|ARM
		{13A45C13-3265-47B8-BC48-A553B569DF55}.Debug|x64.ActiveCfg = Debug|x64
		{13A45C13-3265-47B8-BC48-A553B569DF55}.Debug|x64.Build.0 = Debug|x64
		{13A45C13-3265-47B8-BC48-A553B569DF55}.Debug|x64.Deploy.0 = Debug|x64
		{13A45C13-3265-47B8-BC48-A553B569DF55}.Debug|x86.ActiveCfg = Debug|x86
		{13A45C13-3265-47B8-BC48-A553B569DF55}.Debug|x86.Build.0 = Debug|x86
		{13A45C13-3265-47B8-BC48-A553B569DF55}.Debug|x86.Deploy.0 = Debug|x86
		{13A45C13-3265-47B8-BC48-A553B569DF55}.Master|ARM.ActiveCfg = Master|ARM
		{13A45C13-3265-47B8-BC48-A553B569DF55}.Master|ARM.Build.0 = Master|ARM
		{13A45C13-3265-47B8-BC48-A553B569DF55}.Master|ARM.Deploy.0 = Master|ARM
		{13A45C13-3265-47B8-BC48-A553B569DF55}.Master|x64.ActiveCfg = Master|x64
		{13A45C13-3265-47B8-BC48-A553B569DF55}.Master|x64.Build.0 = Master|x64
		{13A45C13-3265-47B8-BC48-A553B569DF55}.Master|x64.Deploy.0 = Master|x64
		{13A45C13-3265-47B8-BC48-A553B569DF55}.Master|x86.ActiveCfg = Master|x86
		{13A45C13-3265-47B8-BC48-A553B569DF55}.Master|x86.Build.0 = Master|x86
		{13A45C13-3265-47B8-BC48-A553B569DF55}.Master|x86.Deploy.0 = Master|x86
		{13A45C13-3265-47B8-BC48-A553B569DF55}.Release|ARM.ActiveCfg = Release|ARM
		{13A45C13-3265-47B8-BC48-A553B569DF55}.Release|ARM.Build.0 = Release|ARM
		{13A45C13-3265-47B8-BC48-A553B569DF55}.Release|ARM.Deploy.0 = Release|ARM
		{13A45C13-3265-47B8-BC48-A553B569DF55}.Release|x64.ActiveCfg = Release|x64
		{13A45C13-3265-47B8-BC48-A553B569DF55}.Release|x64.Build.0 = Release|x64
		{13A45C13-3265-47B8-BC48-A553B569DF55}.Release|x64.Deploy.0 = Release|x64
		{13A45C13-3265-47B8-BC48-A553B569DF55}.Release|x86.ActiveCfg = Release|x86
		{13A45C13-3265-47B8-BC48-A553B569DF55}.Release|x86.Build.0 = Release|x86
		{13A45C13-3265-47B8-BC48-A553B569DF55}.Release|x86.Deploy.0 = Release|x86
		{990cc5d0-9201-4e8d-a89e-1b042d8f8a3b}.Debug|x86.ActiveCfg = Debug|x86
		{990cc5d0-9201-4e8d-a89e-1b042d8f8a3b}.Debug|x86.Build.0 = Debug|x86
		{990cc5d0-9201-4e8d-a89e-1b042d8f8a3b}.Release|x86.ActiveCfg = Release|x86
		{990cc5d0-9201-4e8d-a89e-1b042d8f8a3b}.Release|x86.Build.0 = Release|x86
		{990cc5d0-9201-4e8d-a89e-1b042d8f8a3b}.Master|x86.ActiveCfg = Master|x86
		{990cc5d0-9201-4e8d-a89e-1b042d8f8a3b}.Master|x86.Build.0 = Master|x86
		{990cc5d0-9201-4e8d-a89e-1b042d8f8a3b}.Debug|x64.ActiveCfg = Debug|x64
		{990cc5d0-9201-4e8d-a89e-1b042d8f8a3b}.Debug|x64.Build.0 = Debug|x64
		{990cc5d0-9201-4e8d-a89e-1b042d8f8a3b}.Release|x64.ActiveCfg = Release|x64
		{990cc5d0-9201-4e8d-a89e-1b042d8f8a3b}.Release|x64.Build.0 = Release|x64
		{990cc5d0-9201-4e8d-a89e-1b042d8f8a3b}.Master|x64.ActiveCfg = Master|x64
		{990cc5d0-9201-4e8d-a89e-1b042d8f8a3b}.Master|x64.Build.0 = Master|x64
		{990cc5d0-9201-4e8d-a89e-1b042d8f8a3b}.Debug|ARM.ActiveCfg = Debug|ARM
		{990cc5d0-9201-4e8d-a89e-1b042d8f8a3b}.Debug|ARM.Build.0 = Debug|ARM
		{990cc5d0-9201-4e8d-a89e-1b042d8f8a3b}.Release|ARM.ActiveCfg = Release|ARM
		{990cc5d0-9201-4e8d-a89e-1b042d8f8a3b}.Release|ARM.Build.0 = Release|ARM
		{990cc5d0-9201-4e8d-a89e-1b042d8f8a3b}.Master|ARM.ActiveCfg = Master|ARM
		{990cc5d0-9201-4e8d-a89e-1b042d8f8a3b}.Master|ARM.Build.0 = Master|ARM
		{e5a1a9f0-1e9a-405f-8401-c8acdc8509b1}.Debug|x86.ActiveCfg = Debug|x86
		{e5a1a9f0-1e9a-405f-8401-c8acdc8509b1}.Debug|x86.Build.0 = Debug|x86
		{e5a1a9f0-1e9a-405f-8401-c8acdc8509b1}.Release|x86.ActiveCfg = Release|x86
		{e5a1a9f0-1e9a-405f-8401-c8acdc8509b1}.Release|x86.Build.0 = Release|x86
		{e5a1a9f0-1e9a-405f-8401-c8acdc8509b1}.Master|x86.ActiveCfg = Master|x86
		{e5a1a9f0-1e9a-405f-8401-c8acdc8509b1}.Master|x86.Build.0 = Master|x86
		{e5a1a9f0-1e9a-405f-8401-c8acdc8509b1}.Debug|ARM.ActiveCfg = Debug|ARM
		{e5a1a9f0-1e9a-405f-8401-c8acdc8509b1}.Debug|ARM.Build.0 = Debug|ARM
		{e5a1a9f0-1e9a-405f-8401-c8acdc8509b1}.Release|ARM.ActiveCfg = Release|ARM
		{e5a1a9f0-1e9a-405f-8401-c8acdc8509b1}.Release|ARM.Build.0 = Release|ARM
		{e5a1a9f0-1e9a-405f-8401-c8acdc8509b1}.Master|ARM.ActiveCfg = Master|ARM
		{e5a1a9f0-1e9a-405f-8401-c8acdc8509b1}.Master|ARM.Build.0 = Master|ARM
 EndGlobalSection
	GlobalSection(SolutionProperties) = preSolution
		HideSolutionNode = FALSE
	EndGlobalSection
EndGlobal
